
Microsoft Visual Studio Solution File, Format Version 12.00
# Visual Studio Version 17
VisualStudioVersion = 17.3.32929.385
MinimumVisualStudioVersion = 10.0.40219.1
Project("{9A19103F-16F7-4668-BE54-9A1E7A4F7556}") = "HaleyWPF", "HaleyWPF\HaleyWPF.csproj", "{1210C59D-CD1D-4D0E-8746-30E69DB5C095}"
EndProject
Project("{2150E333-8FDC-42A3-9474-1A3956D46DE8}") = "Testing", "Testing", "{AF184A2D-3C77-421C-957F-64EE428181BA}"
EndProject
Project("{9A19103F-16F7-4668-BE54-9A1E7A4F7556}") = "CoreWPFTest", "_TESTING\CoreWPFTest\CoreWPFTest.csproj", "{C78949BB-720B-4DFB-821F-567BE6816C9B}"
EndProject
Project("{FAE04EC0-301F-11D3-BF4B-00C04F79EFBC}") = "DevelopmentConsole", "_TESTING\DevelopmentConsole\DevelopmentConsole.csproj", "{41BF72E9-0EAC-4689-B605-FD3A569FC013}"
EndProject
Project("{FAE04EC0-301F-11D3-BF4B-00C04F79EFBC}") = "DevelopmentWPF", "_TESTING\DevelopmentWPF\DevelopmentWPF.csproj", "{F21E9AC8-6B35-43AC-BAE9-81A73E12587A}"
EndProject
Project("{9A19103F-16F7-4668-BE54-9A1E7A4F7556}") = "DevelopmentWPF.Core", "_TESTING\DevelopmentWPF.Core\DevelopmentWPF.Core.csproj", "{FD02B305-C122-499F-92E9-97DFE8B50C7C}"
EndProject
Project("{FAE04EC0-301F-11D3-BF4B-00C04F79EFBC}") = "WPF.Test", "_TESTING\WPF.Test\WPF.Test.csproj", "{00B06F81-F672-40CD-8149-CA14D721DD7C}"
EndProject
Project("{FAE04EC0-301F-11D3-BF4B-00C04F79EFBC}") = "WPF.Test.External", "_TESTING\WPF.Test.External\WPF.Test.External.csproj", "{55CABF85-5B4B-42CF-B974-0F5501BB17AD}"
EndProject
Project("{D954291E-2A0B-460D-934E-DC6B0785DB48}") = "XamlShared", "..\HaleyXamlShared\XamlShared\XamlShared.shproj", "{645462F3-ACB2-460B-A3B1-CFEA0FC93527}"
EndProject
Global
	GlobalSection(SolutionConfigurationPlatforms) = preSolution
		Debug|Any CPU = Debug|Any CPU
		Release|Any CPU = Release|Any CPU
	EndGlobalSection
	GlobalSection(ProjectConfigurationPlatforms) = postSolution
		{1210C59D-CD1D-4D0E-8746-30E69DB5C095}.Debug|Any CPU.ActiveCfg = Debug|Any CPU
		{1210C59D-CD1D-4D0E-8746-30E69DB5C095}.Debug|Any CPU.Build.0 = Debug|Any CPU
		{1210C59D-CD1D-4D0E-8746-30E69DB5C095}.Release|Any CPU.ActiveCfg = Release|Any CPU
		{1210C59D-CD1D-4D0E-8746-30E69DB5C095}.Release|Any CPU.Build.0 = Release|Any CPU
		{C78949BB-720B-4DFB-821F-567BE6816C9B}.Debug|Any CPU.ActiveCfg = Debug|Any CPU
		{C78949BB-720B-4DFB-821F-567BE6816C9B}.Debug|Any CPU.Build.0 = Debug|Any CPU
		{C78949BB-720B-4DFB-821F-567BE6816C9B}.Release|Any CPU.ActiveCfg = Release|Any CPU
		{C78949BB-720B-4DFB-821F-567BE6816C9B}.Release|Any CPU.Build.0 = Release|Any CPU
		{41BF72E9-0EAC-4689-B605-FD3A569FC013}.Debug|Any CPU.ActiveCfg = Debug|Any CPU
		{41BF72E9-0EAC-4689-B605-FD3A569FC013}.Debug|Any CPU.Build.0 = Debug|Any CPU
		{41BF72E9-0EAC-4689-B605-FD3A569FC013}.Release|Any CPU.ActiveCfg = Release|Any CPU
		{41BF72E9-0EAC-4689-B605-FD3A569FC013}.Release|Any CPU.Build.0 = Release|Any CPU
		{F21E9AC8-6B35-43AC-BAE9-81A73E12587A}.Debug|Any CPU.ActiveCfg = Debug|Any CPU
		{F21E9AC8-6B35-43AC-BAE9-81A73E12587A}.Debug|Any CPU.Build.0 = Debug|Any CPU
		{F21E9AC8-6B35-43AC-BAE9-81A73E12587A}.Release|Any CPU.ActiveCfg = Release|Any CPU
		{F21E9AC8-6B35-43AC-BAE9-81A73E12587A}.Release|Any CPU.Build.0 = Release|Any CPU
		{FD02B305-C122-499F-92E9-97DFE8B50C7C}.Debug|Any CPU.ActiveCfg = Debug|Any CPU
		{FD02B305-C122-499F-92E9-97DFE8B50C7C}.Debug|Any CPU.Build.0 = Debug|Any CPU
		{FD02B305-C122-499F-92E9-97DFE8B50C7C}.Release|Any CPU.ActiveCfg = Release|Any CPU
		{FD02B305-C122-499F-92E9-97DFE8B50C7C}.Release|Any CPU.Build.0 = Release|Any CPU
		{00B06F81-F672-40CD-8149-CA14D721DD7C}.Debug|Any CPU.ActiveCfg = Debug|Any CPU
		{00B06F81-F672-40CD-8149-CA14D721DD7C}.Debug|Any CPU.Build.0 = Debug|Any CPU
		{00B06F81-F672-40CD-8149-CA14D721DD7C}.Release|Any CPU.ActiveCfg = Release|Any CPU
		{00B06F81-F672-40CD-8149-CA14D721DD7C}.Release|Any CPU.Build.0 = Release|Any CPU
		{55CABF85-5B4B-42CF-B974-0F5501BB17AD}.Debug|Any CPU.ActiveCfg = Debug|Any CPU
		{55CABF85-5B4B-42CF-B974-0F5501BB17AD}.Debug|Any CPU.Build.0 = Debug|Any CPU
		{55CABF85-5B4B-42CF-B974-0F5501BB17AD}.Release|Any CPU.ActiveCfg = Release|Any CPU
		{55CABF85-5B4B-42CF-B974-0F5501BB17AD}.Release|Any CPU.Build.0 = Release|Any CPU
	EndGlobalSection
	GlobalSection(SolutionProperties) = preSolution
		HideSolutionNode = FALSE
	EndGlobalSection
	GlobalSection(NestedProjects) = preSolution
		{C78949BB-720B-4DFB-821F-567BE6816C9B} = {AF184A2D-3C77-421C-957F-64EE428181BA}
		{41BF72E9-0EAC-4689-B605-FD3A569FC013} = {AF184A2D-3C77-421C-957F-64EE428181BA}
		{F21E9AC8-6B35-43AC-BAE9-81A73E12587A} = {AF184A2D-3C77-421C-957F-64EE428181BA}
		{FD02B305-C122-499F-92E9-97DFE8B50C7C} = {AF184A2D-3C77-421C-957F-64EE428181BA}
		{00B06F81-F672-40CD-8149-CA14D721DD7C} = {AF184A2D-3C77-421C-957F-64EE428181BA}
		{55CABF85-5B4B-42CF-B974-0F5501BB17AD} = {AF184A2D-3C77-421C-957F-64EE428181BA}
	EndGlobalSection
	GlobalSection(ExtensibilityGlobals) = postSolution
		SolutionGuid = {2D992CC4-7837-4664-A260-F38CD8C93746}
	EndGlobalSection
	GlobalSection(SharedMSBuildProjectFiles) = preSolution
		..\HaleyXamlShared\XamlShared\XamlShared.projitems*{1210c59d-cd1d-4d0e-8746-30e69db5c095}*SharedItemsImports = 5
		..\HaleyXamlShared\XamlShared\XamlShared.projitems*{645462f3-acb2-460b-a3b1-cfea0fc93527}*SharedItemsImports = 13
	EndGlobalSection
EndGlobal
